
Microsoft Visual Studio Solution File, Format Version 12.00
# Visual Studio Version 17
VisualStudioVersion = 17.13.35818.85 d17.13
MinimumVisualStudioVersion = 10.0.40219.1
Project("{FAE04EC0-301F-11D3-BF4B-00C04F79EFBC}") = "TP_07_KPL", "TP_07_KPL\TP_07_KPL.csproj", "{27481565-56C6-4AD3-8C9B-7F3F7F386974}"
EndProject
Global
	GlobalSection(SolutionConfigurationPlatforms) = preSolution
		Debug|Any CPU = Debug|Any CPU
		Release|Any CPU = Release|Any CPU
	EndGlobalSection
	GlobalSection(ProjectConfigurationPlatforms) = postSolution
		{27481565-56C6-4AD3-8C9B-7F3F7F386974}.Debug|Any CPU.ActiveCfg = Debug|Any CPU
		{27481565-56C6-4AD3-8C9B-7F3F7F386974}.Debug|Any CPU.Build.0 = Debug|Any CPU
		{27481565-56C6-4AD3-8C9B-7F3F7F386974}.Release|Any CPU.ActiveCfg = Release|Any CPU
		{27481565-56C6-4AD3-8C9B-7F3F7F386974}.Release|Any CPU.Build.0 = Release|Any CPU
	EndGlobalSection
	GlobalSection(SolutionProperties) = preSolution
		HideSolutionNode = FALSE
	EndGlobalSection
	GlobalSection(ExtensibilityGlobals) = postSolution
		SolutionGuid = {F6966ED5-F81B-42B6-85DA-333489E1C780}
	EndGlobalSection
EndGlobal
