
Microsoft Visual Studio Solution File, Format Version 12.00
# Visual Studio Version 17
VisualStudioVersion = 17.13.35825.156 d17.13
MinimumVisualStudioVersion = 10.0.40219.1
Project("{FAE04EC0-301F-11D3-BF4B-00C04F79EFBC}") = "TP07", "TP07\TP07.csproj", "{6DB8174A-3310-4064-A07F-0C503A7319AC}"
EndProject
Global
	GlobalSection(SolutionConfigurationPlatforms) = preSolution
		Debug|Any CPU = Debug|Any CPU
		Release|Any CPU = Release|Any CPU
	EndGlobalSection
	GlobalSection(ProjectConfigurationPlatforms) = postSolution
		{6DB8174A-3310-4064-A07F-0C503A7319AC}.Debug|Any CPU.ActiveCfg = Debug|Any CPU
		{6DB8174A-3310-4064-A07F-0C503A7319AC}.Debug|Any CPU.Build.0 = Debug|Any CPU
		{6DB8174A-3310-4064-A07F-0C503A7319AC}.Release|Any CPU.ActiveCfg = Release|Any CPU
		{6DB8174A-3310-4064-A07F-0C503A7319AC}.Release|Any CPU.Build.0 = Release|Any CPU
	EndGlobalSection
	GlobalSection(SolutionProperties) = preSolution
		HideSolutionNode = FALSE
	EndGlobalSection
	GlobalSection(ExtensibilityGlobals) = postSolution
		SolutionGuid = {E6CCF7D7-7A81-409D-95CF-9F0F0D410C64}
	EndGlobalSection
EndGlobal
