
Microsoft Visual Studio Solution File, Format Version 12.00
# Visual Studio Version 17
VisualStudioVersion = 17.13.35825.156 d17.13
MinimumVisualStudioVersion = 10.0.40219.1
Project("{FAE04EC0-301F-11D3-BF4B-00C04F79EFBC}") = "tp08", "tp08\tp08.csproj", "{ED051C71-4E4A-4603-B27A-98EEFC851007}"
EndProject
Global
	GlobalSection(SolutionConfigurationPlatforms) = preSolution
		Debug|Any CPU = Debug|Any CPU
		Release|Any CPU = Release|Any CPU
	EndGlobalSection
	GlobalSection(ProjectConfigurationPlatforms) = postSolution
		{ED051C71-4E4A-4603-B27A-98EEFC851007}.Debug|Any CPU.ActiveCfg = Debug|Any CPU
		{ED051C71-4E4A-4603-B27A-98EEFC851007}.Debug|Any CPU.Build.0 = Debug|Any CPU
		{ED051C71-4E4A-4603-B27A-98EEFC851007}.Release|Any CPU.ActiveCfg = Release|Any CPU
		{ED051C71-4E4A-4603-B27A-98EEFC851007}.Release|Any CPU.Build.0 = Release|Any CPU
	EndGlobalSection
	GlobalSection(SolutionProperties) = preSolution
		HideSolutionNode = FALSE
	EndGlobalSection
	GlobalSection(ExtensibilityGlobals) = postSolution
		SolutionGuid = {14AA8D67-4E75-4055-86B8-ACD39F45DA71}
	EndGlobalSection
EndGlobal
